// !$*UTF8*$!
{
	archiveVersion = 1;
	classes = {
	};
	objectVersion = 56;
	objects = {

/* Begin PBXBuildFile section */
		7AC7BBAF2A78EA010035E4C0 /* AppDelegate.swift in Sources */ = {isa = PBXBuildFile; fileRef = 7AC7BBAE2A78EA010035E4C0 /* AppDelegate.swift */; };
		7AC7BBB12A78EA010035E4C0 /* SceneDelegate.swift in Sources */ = {isa = PBXBuildFile; fileRef = 7AC7BBB02A78EA010035E4C0 /* SceneDelegate.swift */; };
		7AC7BBB32A78EA010035E4C0 /* ViewController.swift in Sources */ = {isa = PBXBuildFile; fileRef = 7AC7BBB22A78EA010035E4C0 /* ViewController.swift */; };
		7AC7BBB62A78EA010035E4C0 /* Main.storyboard in Resources */ = {isa = PBXBuildFile; fileRef = 7AC7BBB42A78EA010035E4C0 /* Main.storyboard */; };
		7AC7BBB82A78EA020035E4C0 /* Assets.xcassets in Resources */ = {isa = PBXBuildFile; fileRef = 7AC7BBB72A78EA020035E4C0 /* Assets.xcassets */; };
		7AC7BBBB2A78EA020035E4C0 /* LaunchScreen.storyboard in Resources */ = {isa = PBXBuildFile; fileRef = 7AC7BBB92A78EA020035E4C0 /* LaunchScreen.storyboard */; };
		7AC7BBC62A78EA020035E4C0 /* buttonTests.swift in Sources */ = {isa = PBXBuildFile; fileRef = 7AC7BBC52A78EA020035E4C0 /* buttonTests.swift */; };
		7AC7BBD02A78EA020035E4C0 /* buttonUITests.swift in Sources */ = {isa = PBXBuildFile; fileRef = 7AC7BBCF2A78EA020035E4C0 /* buttonUITests.swift */; };
		7AC7BBD22A78EA020035E4C0 /* buttonUITestsLaunchTests.swift in Sources */ = {isa = PBXBuildFile; fileRef = 7AC7BBD12A78EA020035E4C0 /* buttonUITestsLaunchTests.swift */; };
/* End PBXBuildFile section */

/* Begin PBXContainerItemProxy section */
		7AC7BBC22A78EA020035E4C0 /* PBXContainerItemProxy */ = {
			isa = PBXContainerItemProxy;
			containerPortal = 7AC7BBA32A78EA000035E4C0 /* Project object */;
			proxyType = 1;
			remoteGlobalIDString = 7AC7BBAA2A78EA000035E4C0;
			remoteInfo = button;
		};
		7AC7BBCC2A78EA020035E4C0 /* PBXContainerItemProxy */ = {
			isa = PBXContainerItemProxy;
			containerPortal = 7AC7BBA32A78EA000035E4C0 /* Project object */;
			proxyType = 1;
			remoteGlobalIDString = 7AC7BBAA2A78EA000035E4C0;
			remoteInfo = button;
		};
/* End PBXContainerItemProxy section */

/* Begin PBXFileReference section */
		7AC7BBAB2A78EA010035E4C0 /* button.app */ = {isa = PBXFileReference; explicitFileType = wrapper.application; includeInIndex = 0; path = button.app; sourceTree = BUILT_PRODUCTS_DIR; };
		7AC7BBAE2A78EA010035E4C0 /* AppDelegate.swift */ = {isa = PBXFileReference; lastKnownFileType = sourcecode.swift; path = AppDelegate.swift; sourceTree = "<group>"; };
		7AC7BBB02A78EA010035E4C0 /* SceneDelegate.swift */ = {isa = PBXFileReference; lastKnownFileType = sourcecode.swift; path = SceneDelegate.swift; sourceTree = "<group>"; };
		7AC7BBB22A78EA010035E4C0 /* ViewController.swift */ = {isa = PBXFileReference; fileEncoding = 4; lastKnownFileType = sourcecode.swift; path = ViewController.swift; sourceTree = "<group>"; };
		7AC7BBB52A78EA010035E4C0 /* Base */ = {isa = PBXFileReference; lastKnownFileType = file.storyboard; name = Base; path = Base.lproj/Main.storyboard; sourceTree = "<group>"; };
		7AC7BBB72A78EA020035E4C0 /* Assets.xcassets */ = {isa = PBXFileReference; lastKnownFileType = folder.assetcatalog; path = Assets.xcassets; sourceTree = "<group>"; };
		7AC7BBBA2A78EA020035E4C0 /* Base */ = {isa = PBXFileReference; lastKnownFileType = file.storyboard; name = Base; path = Base.lproj/LaunchScreen.storyboard; sourceTree = "<group>"; };
		7AC7BBBC2A78EA020035E4C0 /* Info.plist */ = {isa = PBXFileReference; lastKnownFileType = text.plist.xml; path = Info.plist; sourceTree = "<group>"; };
		7AC7BBC12A78EA020035E4C0 /* buttonTests.xctest */ = {isa = PBXFileReference; explicitFileType = wrapper.cfbundle; includeInIndex = 0; path = buttonTests.xctest; sourceTree = BUILT_PRODUCTS_DIR; };
		7AC7BBC52A78EA020035E4C0 /* buttonTests.swift */ = {isa = PBXFileReference; lastKnownFileType = sourcecode.swift; path = buttonTests.swift; sourceTree = "<group>"; };
		7AC7BBCB2A78EA020035E4C0 /* buttonUITests.xctest */ = {isa = PBXFileReference; explicitFileType = wrapper.cfbundle; includeInIndex = 0; path = buttonUITests.xctest; sourceTree = BUILT_PRODUCTS_DIR; };
		7AC7BBCF2A78EA020035E4C0 /* buttonUITests.swift */ = {isa = PBXFileReference; lastKnownFileType = sourcecode.swift; path = buttonUITests.swift; sourceTree = "<group>"; };
		7AC7BBD12A78EA020035E4C0 /* buttonUITestsLaunchTests.swift */ = {isa = PBXFileReference; lastKnownFileType = sourcecode.swift; path = buttonUITestsLaunchTests.swift; sourceTree = "<group>"; };
/* End PBXFileReference section */

/* Begin PBXFrameworksBuildPhase section */
		7AC7BBA82A78EA000035E4C0 /* Frameworks */ = {
			isa = PBXFrameworksBuildPhase;
			buildActionMask = 2147483647;
			files = (
			);
			runOnlyForDeploymentPostprocessing = 0;
		};
		7AC7BBBE2A78EA020035E4C0 /* Frameworks */ = {
			isa = PBXFrameworksBuildPhase;
			buildActionMask = 2147483647;
			files = (
			);
			runOnlyForDeploymentPostprocessing = 0;
		};
		7AC7BBC82A78EA020035E4C0 /* Frameworks */ = {
			isa = PBXFrameworksBuildPhase;
			buildActionMask = 2147483647;
			files = (
			);
			runOnlyForDeploymentPostprocessing = 0;
		};
/* End PBXFrameworksBuildPhase section */

/* Begin PBXGroup section */
		7AC7BBA22A78EA000035E4C0 = {
			isa = PBXGroup;
			children = (
				7AC7BBAD2A78EA010035E4C0 /* button */,
				7AC7BBC42A78EA020035E4C0 /* buttonTests */,
				7AC7BBCE2A78EA020035E4C0 /* buttonUITests */,
				7AC7BBAC2A78EA010035E4C0 /* Products */,
			);
			sourceTree = "<group>";
		};
		7AC7BBAC2A78EA010035E4C0 /* Products */ = {
			isa = PBXGroup;
			children = (
				7AC7BBAB2A78EA010035E4C0 /* button.app */,
				7AC7BBC12A78EA020035E4C0 /* buttonTests.xctest */,
				7AC7BBCB2A78EA020035E4C0 /* buttonUITests.xctest */,
			);
			name = Products;
			sourceTree = "<group>";
		};
		7AC7BBAD2A78EA010035E4C0 /* button */ = {
			isa = PBXGroup;
			children = (
				7AC7BBAE2A78EA010035E4C0 /* AppDelegate.swift */,
				7AC7BBB02A78EA010035E4C0 /* SceneDelegate.swift */,
				7AC7BBB22A78EA010035E4C0 /* ViewController.swift */,
				7AC7BBB42A78EA010035E4C0 /* Main.storyboard */,
				7AC7BBB72A78EA020035E4C0 /* Assets.xcassets */,
				7AC7BBB92A78EA020035E4C0 /* LaunchScreen.storyboard */,
				7AC7BBBC2A78EA020035E4C0 /* Info.plist */,
			);
			path = button;
			sourceTree = "<group>";
		};
		7AC7BBC42A78EA020035E4C0 /* buttonTests */ = {
			isa = PBXGroup;
			children = (
				7AC7BBC52A78EA020035E4C0 /* buttonTests.swift */,
			);
			path = buttonTests;
			sourceTree = "<group>";
		};
		7AC7BBCE2A78EA020035E4C0 /* buttonUITests */ = {
			isa = PBXGroup;
			children = (
				7AC7BBCF2A78EA020035E4C0 /* buttonUITests.swift */,
				7AC7BBD12A78EA020035E4C0 /* buttonUITestsLaunchTests.swift */,
			);
			path = buttonUITests;
			sourceTree = "<group>";
		};
/* End PBXGroup section */

/* Begin PBXNativeTarget section */
		7AC7BBAA2A78EA000035E4C0 /* button */ = {
			isa = PBXNativeTarget;
			buildConfigurationList = 7AC7BBD52A78EA020035E4C0 /* Build configuration list for PBXNativeTarget "button" */;
			buildPhases = (
				7AC7BBA72A78EA000035E4C0 /* Sources */,
				7AC7BBA82A78EA000035E4C0 /* Frameworks */,
				7AC7BBA92A78EA000035E4C0 /* Resources */,
			);
			buildRules = (
			);
			dependencies = (
			);
			name = button;
			productName = button;
			productReference = 7AC7BBAB2A78EA010035E4C0 /* button.app */;
			productType = "com.apple.product-type.application";
		};
		7AC7BBC02A78EA020035E4C0 /* buttonTests */ = {
			isa = PBXNativeTarget;
			buildConfigurationList = 7AC7BBD82A78EA020035E4C0 /* Build configuration list for PBXNativeTarget "buttonTests" */;
			buildPhases = (
				7AC7BBBD2A78EA020035E4C0 /* Sources */,
				7AC7BBBE2A78EA020035E4C0 /* Frameworks */,
				7AC7BBBF2A78EA020035E4C0 /* Resources */,
			);
			buildRules = (
			);
			dependencies = (
				7AC7BBC32A78EA020035E4C0 /* PBXTargetDependency */,
			);
			name = buttonTests;
			productName = buttonTests;
			productReference = 7AC7BBC12A78EA020035E4C0 /* buttonTests.xctest */;
			productType = "com.apple.product-type.bundle.unit-test";
		};
		7AC7BBCA2A78EA020035E4C0 /* buttonUITests */ = {
			isa = PBXNativeTarget;
			buildConfigurationList = 7AC7BBDB2A78EA020035E4C0 /* Build configuration list for PBXNativeTarget "buttonUITests" */;
			buildPhases = (
				7AC7BBC72A78EA020035E4C0 /* Sources */,
				7AC7BBC82A78EA020035E4C0 /* Frameworks */,
				7AC7BBC92A78EA020035E4C0 /* Resources */,
			);
			buildRules = (
			);
			dependencies = (
				7AC7BBCD2A78EA020035E4C0 /* PBXTargetDependency */,
			);
			name = buttonUITests;
			productName = buttonUITests;
			productReference = 7AC7BBCB2A78EA020035E4C0 /* buttonUITests.xctest */;
			productType = "com.apple.product-type.bundle.ui-testing";
		};
/* End PBXNativeTarget section */

/* Begin PBXProject section */
		7AC7BBA32A78EA000035E4C0 /* Project object */ = {
			isa = PBXProject;
			attributes = {
				BuildIndependentTargetsInParallel = 1;
				LastSwiftUpdateCheck = 1430;
				LastUpgradeCheck = 1430;
				TargetAttributes = {
					7AC7BBAA2A78EA000035E4C0 = {
						CreatedOnToolsVersion = 14.3.1;
					};
					7AC7BBC02A78EA020035E4C0 = {
						CreatedOnToolsVersion = 14.3.1;
						TestTargetID = 7AC7BBAA2A78EA000035E4C0;
					};
					7AC7BBCA2A78EA020035E4C0 = {
						CreatedOnToolsVersion = 14.3.1;
						TestTargetID = 7AC7BBAA2A78EA000035E4C0;
					};
				};
			};
			buildConfigurationList = 7AC7BBA62A78EA000035E4C0 /* Build configuration list for PBXProject "button" */;
			compatibilityVersion = "Xcode 14.0";
			developmentRegion = en;
			hasScannedForEncodings = 0;
			knownRegions = (
				en,
				Base,
			);
			mainGroup = 7AC7BBA22A78EA000035E4C0;
			productRefGroup = 7AC7BBAC2A78EA010035E4C0 /* Products */;
			projectDirPath = "";
			projectRoot = "";
			targets = (
				7AC7BBAA2A78EA000035E4C0 /* button */,
				7AC7BBC02A78EA020035E4C0 /* buttonTests */,
				7AC7BBCA2A78EA020035E4C0 /* buttonUITests */,
			);
		};
/* End PBXProject section */

/* Begin PBXResourcesBuildPhase section */
		7AC7BBA92A78EA000035E4C0 /* Resources */ = {
			isa = PBXResourcesBuildPhase;
			buildActionMask = 2147483647;
			files = (
				7AC7BBBB2A78EA020035E4C0 /* LaunchScreen.storyboard in Resources */,
				7AC7BBB82A78EA020035E4C0 /* Assets.xcassets in Resources */,
				7AC7BBB62A78EA010035E4C0 /* Main.storyboard in Resources */,
			);
			runOnlyForDeploymentPostprocessing = 0;
		};
		7AC7BBBF2A78EA020035E4C0 /* Resources */ = {
			isa = PBXResourcesBuildPhase;
			buildActionMask = 2147483647;
			files = (
			);
			runOnlyForDeploymentPostprocessing = 0;
		};
		7AC7BBC92A78EA020035E4C0 /* Resources */ = {
			isa = PBXResourcesBuildPhase;
			buildActionMask = 2147483647;
			files = (
			);
			runOnlyForDeploymentPostprocessing = 0;
		};
/* End PBXResourcesBuildPhase section */

/* Begin PBXSourcesBuildPhase section */
		7AC7BBA72A78EA000035E4C0 /* Sources */ = {
			isa = PBXSourcesBuildPhase;
			buildActionMask = 2147483647;
			files = (
				7AC7BBB32A78EA010035E4C0 /* ViewController.swift in Sources */,
				7AC7BBAF2A78EA010035E4C0 /* AppDelegate.swift in Sources */,
				7AC7BBB12A78EA010035E4C0 /* SceneDelegate.swift in Sources */,
			);
			runOnlyForDeploymentPostprocessing = 0;
		};
		7AC7BBBD2A78EA020035E4C0 /* Sources */ = {
			isa = PBXSourcesBuildPhase;
			buildActionMask = 2147483647;
			files = (
				7AC7BBC62A78EA020035E4C0 /* buttonTests.swift in Sources */,
			);
			runOnlyForDeploymentPostprocessing = 0;
		};
		7AC7BBC72A78EA020035E4C0 /* Sources */ = {
			isa = PBXSourcesBuildPhase;
			buildActionMask = 2147483647;
			files = (
				7AC7BBD22A78EA020035E4C0 /* buttonUITestsLaunchTests.swift in Sources */,
				7AC7BBD02A78EA020035E4C0 /* buttonUITests.swift in Sources */,
			);
			runOnlyForDeploymentPostprocessing = 0;
		};
/* End PBXSourcesBuildPhase section */

/* Begin PBXTargetDependency section */
		7AC7BBC32A78EA020035E4C0 /* PBXTargetDependency */ = {
			isa = PBXTargetDependency;
			target = 7AC7BBAA2A78EA000035E4C0 /* button */;
			targetProxy = 7AC7BBC22A78EA020035E4C0 /* PBXContainerItemProxy */;
		};
		7AC7BBCD2A78EA020035E4C0 /* PBXTargetDependency */ = {
			isa = PBXTargetDependency;
			target = 7AC7BBAA2A78EA000035E4C0 /* button */;
			targetProxy = 7AC7BBCC2A78EA020035E4C0 /* PBXContainerItemProxy */;
		};
/* End PBXTargetDependency section */

/* Begin PBXVariantGroup section */
		7AC7BBB42A78EA010035E4C0 /* Main.storyboard */ = {
			isa = PBXVariantGroup;
			children = (
				7AC7BBB52A78EA010035E4C0 /* Base */,
			);
			name = Main.storyboard;
			sourceTree = "<group>";
		};
		7AC7BBB92A78EA020035E4C0 /* LaunchScreen.storyboard */ = {
			isa = PBXVariantGroup;
			children = (
				7AC7BBBA2A78EA020035E4C0 /* Base */,
			);
			name = LaunchScreen.storyboard;
			sourceTree = "<group>";
		};
/* End PBXVariantGroup section */

/* Begin XCBuildConfiguration section */
		7AC7BBD32A78EA020035E4C0 /* Debug */ = {
			isa = XCBuildConfiguration;
			buildSettings = {
				ALWAYS_SEARCH_USER_PATHS = NO;
				CLANG_ANALYZER_NONNULL = YES;
				CLANG_ANALYZER_NUMBER_OBJECT_CONVERSION = YES_AGGRESSIVE;
				CLANG_CXX_LANGUAGE_STANDARD = "gnu++20";
				CLANG_ENABLE_MODULES = YES;
				CLANG_ENABLE_OBJC_ARC = YES;
				CLANG_ENABLE_OBJC_WEAK = YES;
				CLANG_WARN_BLOCK_CAPTURE_AUTORELEASING = YES;
				CLANG_WARN_BOOL_CONVERSION = YES;
				CLANG_WARN_COMMA = YES;
				CLANG_WARN_CONSTANT_CONVERSION = YES;
				CLANG_WARN_DEPRECATED_OBJC_IMPLEMENTATIONS = YES;
				CLANG_WARN_DIRECT_OBJC_ISA_USAGE = YES_ERROR;
				CLANG_WARN_DOCUMENTATION_COMMENTS = YES;
				CLANG_WARN_EMPTY_BODY = YES;
				CLANG_WARN_ENUM_CONVERSION = YES;
				CLANG_WARN_INFINITE_RECURSION = YES;
				CLANG_WARN_INT_CONVERSION = YES;
				CLANG_WARN_NON_LITERAL_NULL_CONVERSION = YES;
				CLANG_WARN_OBJC_IMPLICIT_RETAIN_SELF = YES;
				CLANG_WARN_OBJC_LITERAL_CONVERSION = YES;
				CLANG_WARN_OBJC_ROOT_CLASS = YES_ERROR;
				CLANG_WARN_QUOTED_INCLUDE_IN_FRAMEWORK_HEADER = YES;
				CLANG_WARN_RANGE_LOOP_ANALYSIS = YES;
				CLANG_WARN_STRICT_PROTOTYPES = YES;
				CLANG_WARN_SUSPICIOUS_MOVE = YES;
				CLANG_WARN_UNGUARDED_AVAILABILITY = YES_AGGRESSIVE;
				CLANG_WARN_UNREACHABLE_CODE = YES;
				CLANG_WARN__DUPLICATE_METHOD_MATCH = YES;
				COPY_PHASE_STRIP = NO;
				DEBUG_INFORMATION_FORMAT = dwarf;
				ENABLE_STRICT_OBJC_MSGSEND = YES;
				ENABLE_TESTABILITY = YES;
				GCC_C_LANGUAGE_STANDARD = gnu11;
				GCC_DYNAMIC_NO_PIC = NO;
				GCC_NO_COMMON_BLOCKS = YES;
				GCC_OPTIMIZATION_LEVEL = 0;
				GCC_PREPROCESSOR_DEFINITIONS = (
					"DEBUG=1",
					"$(inherited)",
				);
				GCC_WARN_64_TO_32_BIT_CONVERSION = YES;
				GCC_WARN_ABOUT_RETURN_TYPE = YES_ERROR;
				GCC_WARN_UNDECLARED_SELECTOR = YES;
				GCC_WARN_UNINITIALIZED_AUTOS = YES_AGGRESSIVE;
				GCC_WARN_UNUSED_FUNCTION = YES;
				GCC_WARN_UNUSED_VARIABLE = YES;
				IPHONEOS_DEPLOYMENT_TARGET = 16.4;
				MTL_ENABLE_DEBUG_INFO = INCLUDE_SOURCE;
				MTL_FAST_MATH = YES;
				ONLY_ACTIVE_ARCH = YES;
				SDKROOT = iphoneos;
				SWIFT_ACTIVE_COMPILATION_CONDITIONS = DEBUG;
				SWIFT_OPTIMIZATION_LEVEL = "-Onone";
			};
			name = Debug;
		};
		7AC7BBD42A78EA020035E4C0 /* Release */ = {
			isa = XCBuildConfiguration;
			buildSettings = {
				ALWAYS_SEARCH_USER_PATHS = NO;
				CLANG_ANALYZER_NONNULL = YES;
				CLANG_ANALYZER_NUMBER_OBJECT_CONVERSION = YES_AGGRESSIVE;
				CLANG_CXX_LANGUAGE_STANDARD = "gnu++20";
				CLANG_ENABLE_MODULES = YES;
				CLANG_ENABLE_OBJC_ARC = YES;
				CLANG_ENABLE_OBJC_WEAK = YES;
				CLANG_WARN_BLOCK_CAPTURE_AUTORELEASING = YES;
				CLANG_WARN_BOOL_CONVERSION = YES;
				CLANG_WARN_COMMA = YES;
				CLANG_WARN_CONSTANT_CONVERSION = YES;
				CLANG_WARN_DEPRECATED_OBJC_IMPLEMENTATIONS = YES;
				CLANG_WARN_DIRECT_OBJC_ISA_USAGE = YES_ERROR;
				CLANG_WARN_DOCUMENTATION_COMMENTS = YES;
				CLANG_WARN_EMPTY_BODY = YES;
				CLANG_WARN_ENUM_CONVERSION = YES;
				CLANG_WARN_INFINITE_RECURSION = YES;
				CLANG_WARN_INT_CONVERSION = YES;
				CLANG_WARN_NON_LITERAL_NULL_CONVERSION = YES;
				CLANG_WARN_OBJC_IMPLICIT_RETAIN_SELF = YES;
				CLANG_WARN_OBJC_LITERAL_CONVERSION = YES;
				CLANG_WARN_OBJC_ROOT_CLASS = YES_ERROR;
				CLANG_WARN_QUOTED_INCLUDE_IN_FRAMEWORK_HEADER = YES;
				CLANG_WARN_RANGE_LOOP_ANALYSIS = YES;
				CLANG_WARN_STRICT_PROTOTYPES = YES;
				CLANG_WARN_SUSPICIOUS_MOVE = YES;
				CLANG_WARN_UNGUARDED_AVAILABILITY = YES_AGGRESSIVE;
				CLANG_WARN_UNREACHABLE_CODE = YES;
				CLANG_WARN__DUPLICATE_METHOD_MATCH = YES;
				COPY_PHASE_STRIP = NO;
				DEBUG_INFORMATION_FORMAT = "dwarf-with-dsym";
				ENABLE_NS_ASSERTIONS = NO;
				ENABLE_STRICT_OBJC_MSGSEND = YES;
				GCC_C_LANGUAGE_STANDARD = gnu11;
				GCC_NO_COMMON_BLOCKS = YES;
				GCC_WARN_64_TO_32_BIT_CONVERSION = YES;
				GCC_WARN_ABOUT_RETURN_TYPE = YES_ERROR;
				GCC_WARN_UNDECLARED_SELECTOR = YES;
				GCC_WARN_UNINITIALIZED_AUTOS = YES_AGGRESSIVE;
				GCC_WARN_UNUSED_FUNCTION = YES;
				GCC_WARN_UNUSED_VARIABLE = YES;
				IPHONEOS_DEPLOYMENT_TARGET = 16.4;
				MTL_ENABLE_DEBUG_INFO = NO;
				MTL_FAST_MATH = YES;
				SDKROOT = iphoneos;
				SWIFT_COMPILATION_MODE = wholemodule;
				SWIFT_OPTIMIZATION_LEVEL = "-O";
				VALIDATE_PRODUCT = YES;
			};
			name = Release;
		};
		7AC7BBD62A78EA020035E4C0 /* Debug */ = {
			isa = XCBuildConfiguration;
			buildSettings = {
				ASSETCATALOG_COMPILER_APPICON_NAME = AppIcon;
				ASSETCATALOG_COMPILER_GLOBAL_ACCENT_COLOR_NAME = AccentColor;
				CODE_SIGN_STYLE = Automatic;
				CURRENT_PROJECT_VERSION = 1;
				DEVELOPMENT_TEAM = 8H3NM7SN59;
				GENERATE_INFOPLIST_FILE = YES;
				INFOPLIST_FILE = button/Info.plist;
				INFOPLIST_KEY_UIApplicationSupportsIndirectInputEvents = YES;
				INFOPLIST_KEY_UILaunchStoryboardName = LaunchScreen;
				INFOPLIST_KEY_UIMainStoryboardFile = Main;
				INFOPLIST_KEY_UISupportedInterfaceOrientations_iPad = "UIInterfaceOrientationPortrait UIInterfaceOrientationPortraitUpsideDown UIInterfaceOrientationLandscapeLeft UIInterfaceOrientationLandscapeRight";
				INFOPLIST_KEY_UISupportedInterfaceOrientations_iPhone = "UIInterfaceOrientationPortrait UIInterfaceOrientationLandscapeLeft UIInterfaceOrientationLandscapeRight";
				LD_RUNPATH_SEARCH_PATHS = (
					"$(inherited)",
					"@executable_path/Frameworks",
				);
				MARKETING_VERSION = 1.0;
				PRODUCT_BUNDLE_IDENTIFIER = provility.button;
				PRODUCT_NAME = "$(TARGET_NAME)";
				SWIFT_EMIT_LOC_STRINGS = YES;
				SWIFT_VERSION = 5.0;
				TARGETED_DEVICE_FAMILY = "1,2";
			};
			name = Debug;
		};
		7AC7BBD72A78EA020035E4C0 /* Release */ = {
			isa = XCBuildConfiguration;
			buildSettings = {
				ASSETCATALOG_COMPILER_APPICON_NAME = AppIcon;
				ASSETCATALOG_COMPILER_GLOBAL_ACCENT_COLOR_NAME = AccentColor;
				CODE_SIGN_STYLE = Automatic;
				CURRENT_PROJECT_VERSION = 1;
				DEVELOPMENT_TEAM = 8H3NM7SN59;
				GENERATE_INFOPLIST_FILE = YES;
				INFOPLIST_FILE = button/Info.plist;
				INFOPLIST_KEY_UIApplicationSupportsIndirectInputEvents = YES;
				INFOPLIST_KEY_UILaunchStoryboardName = LaunchScreen;
				INFOPLIST_KEY_UIMainStoryboardFile = Main;
				INFOPLIST_KEY_UISupportedInterfaceOrientations_iPad = "UIInterfaceOrientationPortrait UIInterfaceOrientationPortraitUpsideDown UIInterfaceOrientationLandscapeLeft UIInterfaceOrientationLandscapeRight";
				INFOPLIST_KEY_UISupportedInterfaceOrientations_iPhone = "UIInterfaceOrientationPortrait UIInterfaceOrientationLandscapeLeft UIInterfaceOrientationLandscapeRight";
				LD_RUNPATH_SEARCH_PATHS = (
					"$(inherited)",
					"@executable_path/Frameworks",
				);
				MARKETING_VERSION = 1.0;
				PRODUCT_BUNDLE_IDENTIFIER = provility.button;
				PRODUCT_NAME = "$(TARGET_NAME)";
				SWIFT_EMIT_LOC_STRINGS = YES;
				SWIFT_VERSION = 5.0;
				TARGETED_DEVICE_FAMILY = "1,2";
			};
			name = Release;
		};
		7AC7BBD92A78EA020035E4C0 /* Debug */ = {
			isa = XCBuildConfiguration;
			buildSettings = {
				ALWAYS_EMBED_SWIFT_STANDARD_LIBRARIES = YES;
				BUNDLE_LOADER = "$(TEST_HOST)";
				CODE_SIGN_STYLE = Automatic;
				CURRENT_PROJECT_VERSION = 1;
				GENERATE_INFOPLIST_FILE = YES;
				IPHONEOS_DEPLOYMENT_TARGET = 16.4;
				MARKETING_VERSION = 1.0;
				PRODUCT_BUNDLE_IDENTIFIER = provility.buttonTests;
				PRODUCT_NAME = "$(TARGET_NAME)";
				SWIFT_EMIT_LOC_STRINGS = NO;
				SWIFT_VERSION = 5.0;
				TARGETED_DEVICE_FAMILY = "1,2";
				TEST_HOST = "$(BUILT_PRODUCTS_DIR)/button.app/$(BUNDLE_EXECUTABLE_FOLDER_PATH)/button";
			};
			name = Debug;
		};
		7AC7BBDA2A78EA020035E4C0 /* Release */ = {
			isa = XCBuildConfiguration;
			buildSettings = {
				ALWAYS_EMBED_SWIFT_STANDARD_LIBRARIES = YES;
				BUNDLE_LOADER = "$(TEST_HOST)";
				CODE_SIGN_STYLE = Automatic;
				CURRENT_PROJECT_VERSION = 1;
				GENERATE_INFOPLIST_FILE = YES;
				IPHONEOS_DEPLOYMENT_TARGET = 16.4;
				MARKETING_VERSION = 1.0;
				PRODUCT_BUNDLE_IDENTIFIER = provility.buttonTests;
				PRODUCT_NAME = "$(TARGET_NAME)";
				SWIFT_EMIT_LOC_STRINGS = NO;
				SWIFT_VERSION = 5.0;
				TARGETED_DEVICE_FAMILY = "1,2";
				TEST_HOST = "$(BUILT_PRODUCTS_DIR)/button.app/$(BUNDLE_EXECUTABLE_FOLDER_PATH)/button";
			};
			name = Release;
		};
		7AC7BBDC2A78EA020035E4C0 /* Debug */ = {
			isa = XCBuildConfiguration;
			buildSettings = {
				ALWAYS_EMBED_SWIFT_STANDARD_LIBRARIES = YES;
				CODE_SIGN_STYLE = Automatic;
				CURRENT_PROJECT_VERSION = 1;
				GENERATE_INFOPLIST_FILE = YES;
				MARKETING_VERSION = 1.0;
				PRODUCT_BUNDLE_IDENTIFIER = provility.buttonUITests;
				PRODUCT_NAME = "$(TARGET_NAME)";
				SWIFT_EMIT_LOC_STRINGS = NO;
				SWIFT_VERSION = 5.0;
				TARGETED_DEVICE_FAMILY = "1,2";
				TEST_TARGET_NAME = button;
			};
			name = Debug;
		};
		7AC7BBDD2A78EA020035E4C0 /* Release */ = {
			isa = XCBuildConfiguration;
			buildSettings = {
				ALWAYS_EMBED_SWIFT_STANDARD_LIBRARIES = YES;
				CODE_SIGN_STYLE = Automatic;
				CURRENT_PROJECT_VERSION = 1;
				GENERATE_INFOPLIST_FILE = YES;
				MARKETING_VERSION = 1.0;
				PRODUCT_BUNDLE_IDENTIFIER = provility.buttonUITests;
				PRODUCT_NAME = "$(TARGET_NAME)";
				SWIFT_EMIT_LOC_STRINGS = NO;
				SWIFT_VERSION = 5.0;
				TARGETED_DEVICE_FAMILY = "1,2";
				TEST_TARGET_NAME = button;
			};
			name = Release;
		};
/* End XCBuildConfiguration section */

/* Begin XCConfigurationList section */
		7AC7BBA62A78EA000035E4C0 /* Build configuration list for PBXProject "button" */ = {
			isa = XCConfigurationList;
			buildConfigurations = (
				7AC7BBD32A78EA020035E4C0 /* Debug */,
				7AC7BBD42A78EA020035E4C0 /* Release */,
			);
			defaultConfigurationIsVisible = 0;
			defaultConfigurationName = Release;
		};
		7AC7BBD52A78EA020035E4C0 /* Build configuration list for PBXNativeTarget "button" */ = {
			isa = XCConfigurationList;
			buildConfigurations = (
				7AC7BBD62A78EA020035E4C0 /* Debug */,
				7AC7BBD72A78EA020035E4C0 /* Release */,
			);
			defaultConfigurationIsVisible = 0;
			defaultConfigurationName = Release;
		};
		7AC7BBD82A78EA020035E4C0 /* Build configuration list for PBXNativeTarget "buttonTests" */ = {
			isa = XCConfigurationList;
			buildConfigurations = (
				7AC7BBD92A78EA020035E4C0 /* Debug */,
				7AC7BBDA2A78EA020035E4C0 /* Release */,
			);
			defaultConfigurationIsVisible = 0;
			defaultConfigurationName = Release;
		};
		7AC7BBDB2A78EA020035E4C0 /* Build configuration list for PBXNativeTarget "buttonUITests" */ = {
			isa = XCConfigurationList;
			buildConfigurations = (
				7AC7BBDC2A78EA020035E4C0 /* Debug */,
				7AC7BBDD2A78EA020035E4C0 /* Release */,
			);
			defaultConfigurationIsVisible = 0;
			defaultConfigurationName = Release;
		};
/* End XCConfigurationList section */
	};
	rootObject = 7AC7BBA32A78EA000035E4C0 /* Project object */;
}
